
Microsoft Visual Studio Solution File, Format Version 12.00
# Visual Studio Version 17
VisualStudioVersion = 17.0.31903.59
MinimumVisualStudioVersion = 10.0.40219.1
Project("{2150E333-8FDC-42A3-9474-1A3956D46DE8}") = "src", "src", "{D10499A4-6135-4DFF-831B-69EFB5AAF71C}"
EndProject
Project("{2150E333-8FDC-42A3-9474-1A3956D46DE8}") = "services", "services", "{F3284829-C371-427A-A927-6955014AFCB2}"
EndProject
Project("{2150E333-8FDC-42A3-9474-1A3956D46DE8}") = "identity", "identity", "{3FD494B5-9FCE-447C-A9B2-610DA96719A8}"
EndProject
Project("{FAE04EC0-301F-11D3-BF4B-00C04F79EFBC}") = "BusTicketPlatform.Identity.Domain", "src\services\identity\BusTicketPlatform.Identity.Domain\BusTicketPlatform.Identity.Domain.csproj", "{7407C0E0-6543-4683-B7B1-AE3FC3B01F85}"
EndProject
Project("{FAE04EC0-301F-11D3-BF4B-00C04F79EFBC}") = "BusTicketPlatform.Identity.Application", "src\services\identity\BusTicketPlatform.Identity.Application\BusTicketPlatform.Identity.Application.csproj", "{CEAC9E99-CF5D-4DD5-BAE5-8DCAB4F2F78A}"
EndProject
Project("{FAE04EC0-301F-11D3-BF4B-00C04F79EFBC}") = "BusTicketPlatform.Identity.Infrastructure", "src\services\identity\BusTicketPlatform.Identity.Infrastructure\BusTicketPlatform.Identity.Infrastructure.csproj", "{FF592951-6A18-4913-8071-1503DCFCB7EE}"
EndProject
Project("{FAE04EC0-301F-11D3-BF4B-00C04F79EFBC}") = "BusTicketPlatform.Identity.Api", "src\services\identity\BusTicketPlatform.Identity.Api\BusTicketPlatform.Identity.Api.csproj", "{D99AEEE6-BFE7-47DE-A1A6-BD12FE5F39C6}"
EndProject
Project("{2150E333-8FDC-42A3-9474-1A3956D46DE8}") = "building-blocks", "building-blocks", "{418C56F5-1F3F-60AE-18F8-266DA8E6EE08}"
EndProject
Project("{FAE04EC0-301F-11D3-BF4B-00C04F79EFBC}") = "BusTicketPlatform.BuildingBlocks", "src\building-blocks\BusTicketPlatform.BuildingBlocks\BusTicketPlatform.BuildingBlocks.csproj", "{97727989-D2B1-4A70-8BB3-0DDAC65E009B}"
EndProject
Project("{FAE04EC0-301F-11D3-BF4B-00C04F79EFBC}") = "BusTicketPlatform.BuildingBlocks.AspNetCore", "src\building-blocks\BusTicketPlatform.BuildingBlocks.AspNetCore\BusTicketPlatform.BuildingBlocks.AspNetCore.csproj", "{AC32B3DC-8911-4DE1-83BB-5F881CA217FE}"
EndProject
Project("{2150E333-8FDC-42A3-9474-1A3956D46DE8}") = "gateway", "gateway", "{8C97CB8C-7A9D-9D26-2F5F-32389055AAA8}"
EndProject
Project("{FAE04EC0-301F-11D3-BF4B-00C04F79EFBC}") = "BusTicketPlatform.Gateway", "src\gateway\BusTicketPlatform.Gateway\BusTicketPlatform.Gateway.csproj", "{5E43BA26-C3EC-4964-8CEE-9A76879DC566}"
EndProject
Project("{2150E333-8FDC-42A3-9474-1A3956D46DE8}") = "tests", "tests", "{CB270875-5CCA-EDEC-AC65-D24A3CE17778}"
EndProject
Project("{2150E333-8FDC-42A3-9474-1A3956D46DE8}") = "architecture", "architecture", "{E7991728-3688-0F87-01E3-42874ED27F05}"
EndProject
Project("{FAE04EC0-301F-11D3-BF4B-00C04F79EFBC}") = "BusTicketPlatform.ArchitectureTests", "src\tests\architecture\BusTicketPlatform.ArchitectureTests\BusTicketPlatform.ArchitectureTests.csproj", "{96EF4EA9-3610-4826-82A7-CB144688192C}"
EndProject
Project("{2150E333-8FDC-42A3-9474-1A3956D46DE8}") = "building-blocks", "building-blocks", "{0EE48DD5-86E7-7937-34BD-88CD7028324B}"
EndProject
Project("{FAE04EC0-301F-11D3-BF4B-00C04F79EFBC}") = "BusTicketPlatform.BuildingBlocks.UnitTests", "src\tests\building-blocks\BusTicketPlatform.BuildingBlocks.UnitTests\BusTicketPlatform.BuildingBlocks.UnitTests.csproj", "{E848A2ED-D0EB-40F3-AB7D-8CB4824AE0EC}"
EndProject
Project("{2150E333-8FDC-42A3-9474-1A3956D46DE8}") = "gateway", "gateway", "{E3ACB866-2286-49A6-FCF2-4320DE479032}"
EndProject
Project("{FAE04EC0-301F-11D3-BF4B-00C04F79EFBC}") = "BusTicketPlatform.Gateway.IntegrationTests", "src\tests\gateway\BusTicketPlatform.Gateway.IntegrationTests\BusTicketPlatform.Gateway.IntegrationTests.csproj", "{1FA299C5-47B8-4AF2-A9B6-A35AA5F7515F}"
EndProject
Project("{2150E333-8FDC-42A3-9474-1A3956D46DE8}") = "identity", "identity", "{4CDCA906-F331-A870-FDA9-4FAF2CF5DF09}"
EndProject
Project("{FAE04EC0-301F-11D3-BF4B-00C04F79EFBC}") = "BusTicketPlatform.Identity.Api.IntegrationTests", "src\tests\identity\BusTicketPlatform.Identity.Api.IntegrationTests\BusTicketPlatform.Identity.Api.IntegrationTests.csproj", "{86398932-534B-42F7-8AFD-7D51BEEFB893}"
EndProject
Project("{FAE04EC0-301F-11D3-BF4B-00C04F79EFBC}") = "BusTicketPlatform.BuildingBlocks.Messaging", "src\building-blocks\BusTicketPlatform.BuildingBlocks.Messaging\BusTicketPlatform.BuildingBlocks.Messaging.csproj", "{66E8A62A-A328-441D-B6E2-55FB24BB923A}"
EndProject
Project("{2150E333-8FDC-42A3-9474-1A3956D46DE8}") = "messaging", "messaging", "{ECBC044A-7D9B-7DD2-6DF5-505EA970D790}"
EndProject
Project("{FAE04EC0-301F-11D3-BF4B-00C04F79EFBC}") = "BusTicketPlatform.Messaging.IntegrationTests", "src\tests\messaging\BusTicketPlatform.Messaging.IntegrationTests\BusTicketPlatform.Messaging.IntegrationTests.csproj", "{9807F563-D901-421E-96A1-27FD26A6F56B}"
EndProject
Project("{2150E333-8FDC-42A3-9474-1A3956D46DE8}") = "contracts", "contracts", "{F4D34333-2EED-D800-BA45-AA3229FB235A}"
EndProject
Project("{FAE04EC0-301F-11D3-BF4B-00C04F79EFBC}") = "BusTicketPlatform.ContractTests", "src\tests\contracts\BusTicketPlatform.ContractTests\BusTicketPlatform.ContractTests.csproj", "{0F839B35-34E7-426D-85A0-30F9C908AF47}"
EndProject
Project("{2150E333-8FDC-42A3-9474-1A3956D46DE8}") = "transport", "transport", "{BA97E7A6-461B-C31B-4E65-00E3DD6F8190}"
EndProject
Project("{FAE04EC0-301F-11D3-BF4B-00C04F79EFBC}") = "BusTicketPlatform.Transport.Domain", "src\services\transport\BusTicketPlatform.Transport.Domain\BusTicketPlatform.Transport.Domain.csproj", "{2D831254-29F2-410D-ACDC-B8F383FD3A17}"
EndProject
Project("{FAE04EC0-301F-11D3-BF4B-00C04F79EFBC}") = "BusTicketPlatform.Transport.Application", "src\services\transport\BusTicketPlatform.Transport.Application\BusTicketPlatform.Transport.Application.csproj", "{ADA6171E-5D39-430F-8367-C22B1B0229A2}"
EndProject
Project("{FAE04EC0-301F-11D3-BF4B-00C04F79EFBC}") = "BusTicketPlatform.Transport.Infrastructure", "src\services\transport\BusTicketPlatform.Transport.Infrastructure\BusTicketPlatform.Transport.Infrastructure.csproj", "{BD11D060-4045-46E3-B09A-9E531B1FE2BB}"
EndProject
Project("{FAE04EC0-301F-11D3-BF4B-00C04F79EFBC}") = "BusTicketPlatform.Transport.Api", "src\services\transport\BusTicketPlatform.Transport.Api\BusTicketPlatform.Transport.Api.csproj", "{5BFF4297-F82B-45C0-8A89-6ECD2F732F6C}"
EndProject
Project("{2150E333-8FDC-42A3-9474-1A3956D46DE8}") = "transport", "transport", "{F55DEBBC-FCC4-3E5E-8BD8-776A2B13F149}"
EndProject
Project("{FAE04EC0-301F-11D3-BF4B-00C04F79EFBC}") = "BusTicketPlatform.Transport.Api.IntegrationTests", "src\tests\transport\BusTicketPlatform.Transport.Api.IntegrationTests\BusTicketPlatform.Transport.Api.IntegrationTests.csproj", "{513C21F4-A9CC-4D6D-8ADE-460F10C04AC6}"
EndProject
Project("{2150E333-8FDC-42A3-9474-1A3956D46DE8}") = "booking", "booking", "{1274024E-3732-BF78-0A39-F1D0949D2F73}"
EndProject
Project("{FAE04EC0-301F-11D3-BF4B-00C04F79EFBC}") = "BusTicketPlatform.Booking.Domain", "src\services\booking\BusTicketPlatform.Booking.Domain\BusTicketPlatform.Booking.Domain.csproj", "{6DF461AE-02B1-45A6-83FB-F6C89DCC5C40}"
EndProject
Project("{FAE04EC0-301F-11D3-BF4B-00C04F79EFBC}") = "BusTicketPlatform.Booking.Application", "src\services\booking\BusTicketPlatform.Booking.Application\BusTicketPlatform.Booking.Application.csproj", "{DA0D5D4B-AE57-4855-AC38-6E9122FCC63A}"
EndProject
Project("{FAE04EC0-301F-11D3-BF4B-00C04F79EFBC}") = "BusTicketPlatform.Booking.Infrastructure", "src\services\booking\BusTicketPlatform.Booking.Infrastructure\BusTicketPlatform.Booking.Infrastructure.csproj", "{AA78B211-B003-4D9C-8346-2DE2EE47AC42}"
EndProject
Project("{FAE04EC0-301F-11D3-BF4B-00C04F79EFBC}") = "BusTicketPlatform.Booking.Api", "src\services\booking\BusTicketPlatform.Booking.Api\BusTicketPlatform.Booking.Api.csproj", "{531AEEE9-FBD1-43AC-BA6A-AD862D54A35D}"
EndProject
Project("{2150E333-8FDC-42A3-9474-1A3956D46DE8}") = "booking", "booking", "{7C9A51E7-BE5B-34BD-2C74-12890A2D6833}"
EndProject
Project("{FAE04EC0-301F-11D3-BF4B-00C04F79EFBC}") = "BusTicketPlatform.Booking.Api.IntegrationTests", "src\tests\booking\BusTicketPlatform.Booking.Api.IntegrationTests\BusTicketPlatform.Booking.Api.IntegrationTests.csproj", "{583F017E-B182-4B08-8442-B1D227CD2C6A}"
EndProject
Project("{2150E333-8FDC-42A3-9474-1A3956D46DE8}") = "payment", "payment", "{33F71750-9D47-F838-C702-95A11FED41D9}"
EndProject
Project("{FAE04EC0-301F-11D3-BF4B-00C04F79EFBC}") = "BusTicketPlatform.Payment.Domain", "src\services\payment\BusTicketPlatform.Payment.Domain\BusTicketPlatform.Payment.Domain.csproj", "{954BFBF1-5A5D-4F8E-BAAB-B1DECA540F73}"
EndProject
Project("{FAE04EC0-301F-11D3-BF4B-00C04F79EFBC}") = "BusTicketPlatform.Payment.Application", "src\services\payment\BusTicketPlatform.Payment.Application\BusTicketPlatform.Payment.Application.csproj", "{937D6A96-740F-44BA-9993-54BD09025B55}"
EndProject
Project("{FAE04EC0-301F-11D3-BF4B-00C04F79EFBC}") = "BusTicketPlatform.Payment.Infrastructure", "src\services\payment\BusTicketPlatform.Payment.Infrastructure\BusTicketPlatform.Payment.Infrastructure.csproj", "{2C1A48AE-BA9B-45B8-AE93-93D2B647C763}"
EndProject
Project("{FAE04EC0-301F-11D3-BF4B-00C04F79EFBC}") = "BusTicketPlatform.Payment.Api", "src\services\payment\BusTicketPlatform.Payment.Api\BusTicketPlatform.Payment.Api.csproj", "{A9868ABF-7F35-4799-9A3A-23C451CBF0F9}"
EndProject
Project("{2150E333-8FDC-42A3-9474-1A3956D46DE8}") = "payment", "payment", "{C14FAA9D-86F0-BFC4-AB85-A7AF176EB126}"
EndProject
Project("{FAE04EC0-301F-11D3-BF4B-00C04F79EFBC}") = "BusTicketPlatform.Payment.Api.IntegrationTests", "src\tests\payment\BusTicketPlatform.Payment.Api.IntegrationTests\BusTicketPlatform.Payment.Api.IntegrationTests.csproj", "{DF74B355-6E9B-44A0-9842-7497D1E5EA93}"
EndProject
Project("{2150E333-8FDC-42A3-9474-1A3956D46DE8}") = "notification", "notification", "{01C83CFD-B223-422D-8EBA-9D509D03DA98}"
EndProject
Project("{FAE04EC0-301F-11D3-BF4B-00C04F79EFBC}") = "BusTicketPlatform.Notification.Domain", "src\services\notification\BusTicketPlatform.Notification.Domain\BusTicketPlatform.Notification.Domain.csproj", "{8F0D7A09-4FA2-46BC-A1DA-B2AC3F2ADCE9}"
EndProject
Project("{FAE04EC0-301F-11D3-BF4B-00C04F79EFBC}") = "BusTicketPlatform.Notification.Application", "src\services\notification\BusTicketPlatform.Notification.Application\BusTicketPlatform.Notification.Application.csproj", "{4EB3B760-8256-4AD3-B0B8-56227DBA0876}"
EndProject
Project("{FAE04EC0-301F-11D3-BF4B-00C04F79EFBC}") = "BusTicketPlatform.Notification.Infrastructure", "src\services\notification\BusTicketPlatform.Notification.Infrastructure\BusTicketPlatform.Notification.Infrastructure.csproj", "{804F7F83-E566-4128-BAE7-A1FC5DE34333}"
EndProject
Project("{FAE04EC0-301F-11D3-BF4B-00C04F79EFBC}") = "BusTicketPlatform.Notification.Api", "src\services\notification\BusTicketPlatform.Notification.Api\BusTicketPlatform.Notification.Api.csproj", "{3A080C41-3841-4556-B9A0-014CA454AE07}"
EndProject
Project("{2150E333-8FDC-42A3-9474-1A3956D46DE8}") = "notification", "notification", "{19F33914-7922-BD27-44A7-CDB48561D3F2}"
EndProject
Project("{FAE04EC0-301F-11D3-BF4B-00C04F79EFBC}") = "BusTicketPlatform.Notification.Api.IntegrationTests", "src\tests\notification\BusTicketPlatform.Notification.Api.IntegrationTests\BusTicketPlatform.Notification.Api.IntegrationTests.csproj", "{4EEBE52C-1A01-4584-9A29-1463AE2AB4BB}"
EndProject
Project("{2150E333-8FDC-42A3-9474-1A3956D46DE8}") = "reporting", "reporting", "{202827DD-3FD7-DA77-1B95-3EDAC595C4A2}"
EndProject
Project("{FAE04EC0-301F-11D3-BF4B-00C04F79EFBC}") = "BusTicketPlatform.Reporting.Domain", "src\services\reporting\BusTicketPlatform.Reporting.Domain\BusTicketPlatform.Reporting.Domain.csproj", "{53F27248-6BF9-440E-BF80-0C8C67E271C5}"
EndProject
Project("{FAE04EC0-301F-11D3-BF4B-00C04F79EFBC}") = "BusTicketPlatform.Reporting.Application", "src\services\reporting\BusTicketPlatform.Reporting.Application\BusTicketPlatform.Reporting.Application.csproj", "{BDE3CCE8-65BA-4D7A-9169-EFCCB8F52C6D}"
EndProject
Project("{FAE04EC0-301F-11D3-BF4B-00C04F79EFBC}") = "BusTicketPlatform.Reporting.Infrastructure", "src\services\reporting\BusTicketPlatform.Reporting.Infrastructure\BusTicketPlatform.Reporting.Infrastructure.csproj", "{AF83F47D-1561-402E-818E-4F502409062E}"
EndProject
Project("{FAE04EC0-301F-11D3-BF4B-00C04F79EFBC}") = "BusTicketPlatform.Reporting.Api", "src\services\reporting\BusTicketPlatform.Reporting.Api\BusTicketPlatform.Reporting.Api.csproj", "{5D44BBDC-931B-4EB2-A672-91F858CB8CC3}"
EndProject
Project("{2150E333-8FDC-42A3-9474-1A3956D46DE8}") = "reporting", "reporting", "{1E75330F-A7F7-5D5E-252D-8BF6068F1C6E}"
EndProject
Project("{FAE04EC0-301F-11D3-BF4B-00C04F79EFBC}") = "BusTicketPlatform.Reporting.Api.IntegrationTests", "src\tests\reporting\BusTicketPlatform.Reporting.Api.IntegrationTests\BusTicketPlatform.Reporting.Api.IntegrationTests.csproj", "{D07A4831-49B1-401B-A106-90502CBB5C96}"
EndProject
Global
	GlobalSection(SolutionConfigurationPlatforms) = preSolution
		Debug|Any CPU = Debug|Any CPU
		Debug|x64 = Debug|x64
		Debug|x86 = Debug|x86
		Release|Any CPU = Release|Any CPU
		Release|x64 = Release|x64
		Release|x86 = Release|x86
	EndGlobalSection
	GlobalSection(ProjectConfigurationPlatforms) = postSolution
		{7407C0E0-6543-4683-B7B1-AE3FC3B01F85}.Debug|Any CPU.ActiveCfg = Debug|Any CPU
		{7407C0E0-6543-4683-B7B1-AE3FC3B01F85}.Debug|Any CPU.Build.0 = Debug|Any CPU
		{7407C0E0-6543-4683-B7B1-AE3FC3B01F85}.Debug|x64.ActiveCfg = Debug|Any CPU
		{7407C0E0-6543-4683-B7B1-AE3FC3B01F85}.Debug|x64.Build.0 = Debug|Any CPU
		{7407C0E0-6543-4683-B7B1-AE3FC3B01F85}.Debug|x86.ActiveCfg = Debug|Any CPU
		{7407C0E0-6543-4683-B7B1-AE3FC3B01F85}.Debug|x86.Build.0 = Debug|Any CPU
		{7407C0E0-6543-4683-B7B1-AE3FC3B01F85}.Release|Any CPU.ActiveCfg = Release|Any CPU
		{7407C0E0-6543-4683-B7B1-AE3FC3B01F85}.Release|Any CPU.Build.0 = Release|Any CPU
		{7407C0E0-6543-4683-B7B1-AE3FC3B01F85}.Release|x64.ActiveCfg = Release|Any CPU
		{7407C0E0-6543-4683-B7B1-AE3FC3B01F85}.Release|x64.Build.0 = Release|Any CPU
		{7407C0E0-6543-4683-B7B1-AE3FC3B01F85}.Release|x86.ActiveCfg = Release|Any CPU
		{7407C0E0-6543-4683-B7B1-AE3FC3B01F85}.Release|x86.Build.0 = Release|Any CPU
		{CEAC9E99-CF5D-4DD5-BAE5-8DCAB4F2F78A}.Debug|Any CPU.ActiveCfg = Debug|Any CPU
		{CEAC9E99-CF5D-4DD5-BAE5-8DCAB4F2F78A}.Debug|Any CPU.Build.0 = Debug|Any CPU
		{CEAC9E99-CF5D-4DD5-BAE5-8DCAB4F2F78A}.Debug|x64.ActiveCfg = Debug|Any CPU
		{CEAC9E99-CF5D-4DD5-BAE5-8DCAB4F2F78A}.Debug|x64.Build.0 = Debug|Any CPU
		{CEAC9E99-CF5D-4DD5-BAE5-8DCAB4F2F78A}.Debug|x86.ActiveCfg = Debug|Any CPU
		{CEAC9E99-CF5D-4DD5-BAE5-8DCAB4F2F78A}.Debug|x86.Build.0 = Debug|Any CPU
		{CEAC9E99-CF5D-4DD5-BAE5-8DCAB4F2F78A}.Release|Any CPU.ActiveCfg = Release|Any CPU
		{CEAC9E99-CF5D-4DD5-BAE5-8DCAB4F2F78A}.Release|Any CPU.Build.0 = Release|Any CPU
		{CEAC9E99-CF5D-4DD5-BAE5-8DCAB4F2F78A}.Release|x64.ActiveCfg = Release|Any CPU
		{CEAC9E99-CF5D-4DD5-BAE5-8DCAB4F2F78A}.Release|x64.Build.0 = Release|Any CPU
		{CEAC9E99-CF5D-4DD5-BAE5-8DCAB4F2F78A}.Release|x86.ActiveCfg = Release|Any CPU
		{CEAC9E99-CF5D-4DD5-BAE5-8DCAB4F2F78A}.Release|x86.Build.0 = Release|Any CPU
		{FF592951-6A18-4913-8071-1503DCFCB7EE}.Debug|Any CPU.ActiveCfg = Debug|Any CPU
		{FF592951-6A18-4913-8071-1503DCFCB7EE}.Debug|Any CPU.Build.0 = Debug|Any CPU
		{FF592951-6A18-4913-8071-1503DCFCB7EE}.Debug|x64.ActiveCfg = Debug|Any CPU
		{FF592951-6A18-4913-8071-1503DCFCB7EE}.Debug|x64.Build.0 = Debug|Any CPU
		{FF592951-6A18-4913-8071-1503DCFCB7EE}.Debug|x86.ActiveCfg = Debug|Any CPU
		{FF592951-6A18-4913-8071-1503DCFCB7EE}.Debug|x86.Build.0 = Debug|Any CPU
		{FF592951-6A18-4913-8071-1503DCFCB7EE}.Release|Any CPU.ActiveCfg = Release|Any CPU
		{FF592951-6A18-4913-8071-1503DCFCB7EE}.Release|Any CPU.Build.0 = Release|Any CPU
		{FF592951-6A18-4913-8071-1503DCFCB7EE}.Release|x64.ActiveCfg = Release|Any CPU
		{FF592951-6A18-4913-8071-1503DCFCB7EE}.Release|x64.Build.0 = Release|Any CPU
		{FF592951-6A18-4913-8071-1503DCFCB7EE}.Release|x86.ActiveCfg = Release|Any CPU
		{FF592951-6A18-4913-8071-1503DCFCB7EE}.Release|x86.Build.0 = Release|Any CPU
		{D99AEEE6-BFE7-47DE-A1A6-BD12FE5F39C6}.Debug|Any CPU.ActiveCfg = Debug|Any CPU
		{D99AEEE6-BFE7-47DE-A1A6-BD12FE5F39C6}.Debug|Any CPU.Build.0 = Debug|Any CPU
		{D99AEEE6-BFE7-47DE-A1A6-BD12FE5F39C6}.Debug|x64.ActiveCfg = Debug|Any CPU
		{D99AEEE6-BFE7-47DE-A1A6-BD12FE5F39C6}.Debug|x64.Build.0 = Debug|Any CPU
		{D99AEEE6-BFE7-47DE-A1A6-BD12FE5F39C6}.Debug|x86.ActiveCfg = Debug|Any CPU
		{D99AEEE6-BFE7-47DE-A1A6-BD12FE5F39C6}.Debug|x86.Build.0 = Debug|Any CPU
		{D99AEEE6-BFE7-47DE-A1A6-BD12FE5F39C6}.Release|Any CPU.ActiveCfg = Release|Any CPU
		{D99AEEE6-BFE7-47DE-A1A6-BD12FE5F39C6}.Release|Any CPU.Build.0 = Release|Any CPU
		{D99AEEE6-BFE7-47DE-A1A6-BD12FE5F39C6}.Release|x64.ActiveCfg = Release|Any CPU
		{D99AEEE6-BFE7-47DE-A1A6-BD12FE5F39C6}.Release|x64.Build.0 = Release|Any CPU
		{D99AEEE6-BFE7-47DE-A1A6-BD12FE5F39C6}.Release|x86.ActiveCfg = Release|Any CPU
		{D99AEEE6-BFE7-47DE-A1A6-BD12FE5F39C6}.Release|x86.Build.0 = Release|Any CPU
		{97727989-D2B1-4A70-8BB3-0DDAC65E009B}.Debug|Any CPU.ActiveCfg = Debug|Any CPU
		{97727989-D2B1-4A70-8BB3-0DDAC65E009B}.Debug|Any CPU.Build.0 = Debug|Any CPU
		{97727989-D2B1-4A70-8BB3-0DDAC65E009B}.Debug|x64.ActiveCfg = Debug|Any CPU
		{97727989-D2B1-4A70-8BB3-0DDAC65E009B}.Debug|x64.Build.0 = Debug|Any CPU
		{97727989-D2B1-4A70-8BB3-0DDAC65E009B}.Debug|x86.ActiveCfg = Debug|Any CPU
		{97727989-D2B1-4A70-8BB3-0DDAC65E009B}.Debug|x86.Build.0 = Debug|Any CPU
		{97727989-D2B1-4A70-8BB3-0DDAC65E009B}.Release|Any CPU.ActiveCfg = Release|Any CPU
		{97727989-D2B1-4A70-8BB3-0DDAC65E009B}.Release|Any CPU.Build.0 = Release|Any CPU
		{97727989-D2B1-4A70-8BB3-0DDAC65E009B}.Release|x64.ActiveCfg = Release|Any CPU
		{97727989-D2B1-4A70-8BB3-0DDAC65E009B}.Release|x64.Build.0 = Release|Any CPU
		{97727989-D2B1-4A70-8BB3-0DDAC65E009B}.Release|x86.ActiveCfg = Release|Any CPU
		{97727989-D2B1-4A70-8BB3-0DDAC65E009B}.Release|x86.Build.0 = Release|Any CPU
		{AC32B3DC-8911-4DE1-83BB-5F881CA217FE}.Debug|Any CPU.ActiveCfg = Debug|Any CPU
		{AC32B3DC-8911-4DE1-83BB-5F881CA217FE}.Debug|Any CPU.Build.0 = Debug|Any CPU
		{AC32B3DC-8911-4DE1-83BB-5F881CA217FE}.Debug|x64.ActiveCfg = Debug|Any CPU
		{AC32B3DC-8911-4DE1-83BB-5F881CA217FE}.Debug|x64.Build.0 = Debug|Any CPU
		{AC32B3DC-8911-4DE1-83BB-5F881CA217FE}.Debug|x86.ActiveCfg = Debug|Any CPU
		{AC32B3DC-8911-4DE1-83BB-5F881CA217FE}.Debug|x86.Build.0 = Debug|Any CPU
		{AC32B3DC-8911-4DE1-83BB-5F881CA217FE}.Release|Any CPU.ActiveCfg = Release|Any CPU
		{AC32B3DC-8911-4DE1-83BB-5F881CA217FE}.Release|Any CPU.Build.0 = Release|Any CPU
		{AC32B3DC-8911-4DE1-83BB-5F881CA217FE}.Release|x64.ActiveCfg = Release|Any CPU
		{AC32B3DC-8911-4DE1-83BB-5F881CA217FE}.Release|x64.Build.0 = Release|Any CPU
		{AC32B3DC-8911-4DE1-83BB-5F881CA217FE}.Release|x86.ActiveCfg = Release|Any CPU
		{AC32B3DC-8911-4DE1-83BB-5F881CA217FE}.Release|x86.Build.0 = Release|Any CPU
		{5E43BA26-C3EC-4964-8CEE-9A76879DC566}.Debug|Any CPU.ActiveCfg = Debug|Any CPU
		{5E43BA26-C3EC-4964-8CEE-9A76879DC566}.Debug|Any CPU.Build.0 = Debug|Any CPU
		{5E43BA26-C3EC-4964-8CEE-9A76879DC566}.Debug|x64.ActiveCfg = Debug|Any CPU
		{5E43BA26-C3EC-4964-8CEE-9A76879DC566}.Debug|x64.Build.0 = Debug|Any CPU
		{5E43BA26-C3EC-4964-8CEE-9A76879DC566}.Debug|x86.ActiveCfg = Debug|Any CPU
		{5E43BA26-C3EC-4964-8CEE-9A76879DC566}.Debug|x86.Build.0 = Debug|Any CPU
		{5E43BA26-C3EC-4964-8CEE-9A76879DC566}.Release|Any CPU.ActiveCfg = Release|Any CPU
		{5E43BA26-C3EC-4964-8CEE-9A76879DC566}.Release|Any CPU.Build.0 = Release|Any CPU
		{5E43BA26-C3EC-4964-8CEE-9A76879DC566}.Release|x64.ActiveCfg = Release|Any CPU
		{5E43BA26-C3EC-4964-8CEE-9A76879DC566}.Release|x64.Build.0 = Release|Any CPU
		{5E43BA26-C3EC-4964-8CEE-9A76879DC566}.Release|x86.ActiveCfg = Release|Any CPU
		{5E43BA26-C3EC-4964-8CEE-9A76879DC566}.Release|x86.Build.0 = Release|Any CPU
		{96EF4EA9-3610-4826-82A7-CB144688192C}.Debug|Any CPU.ActiveCfg = Debug|Any CPU
		{96EF4EA9-3610-4826-82A7-CB144688192C}.Debug|Any CPU.Build.0 = Debug|Any CPU
		{96EF4EA9-3610-4826-82A7-CB144688192C}.Debug|x64.ActiveCfg = Debug|Any CPU
		{96EF4EA9-3610-4826-82A7-CB144688192C}.Debug|x64.Build.0 = Debug|Any CPU
		{96EF4EA9-3610-4826-82A7-CB144688192C}.Debug|x86.ActiveCfg = Debug|Any CPU
		{96EF4EA9-3610-4826-82A7-CB144688192C}.Debug|x86.Build.0 = Debug|Any CPU
		{96EF4EA9-3610-4826-82A7-CB144688192C}.Release|Any CPU.ActiveCfg = Release|Any CPU
		{96EF4EA9-3610-4826-82A7-CB144688192C}.Release|Any CPU.Build.0 = Release|Any CPU
		{96EF4EA9-3610-4826-82A7-CB144688192C}.Release|x64.ActiveCfg = Release|Any CPU
		{96EF4EA9-3610-4826-82A7-CB144688192C}.Release|x64.Build.0 = Release|Any CPU
		{96EF4EA9-3610-4826-82A7-CB144688192C}.Release|x86.ActiveCfg = Release|Any CPU
		{96EF4EA9-3610-4826-82A7-CB144688192C}.Release|x86.Build.0 = Release|Any CPU
		{E848A2ED-D0EB-40F3-AB7D-8CB4824AE0EC}.Debug|Any CPU.ActiveCfg = Debug|Any CPU
		{E848A2ED-D0EB-40F3-AB7D-8CB4824AE0EC}.Debug|Any CPU.Build.0 = Debug|Any CPU
		{E848A2ED-D0EB-40F3-AB7D-8CB4824AE0EC}.Debug|x64.ActiveCfg = Debug|Any CPU
		{E848A2ED-D0EB-40F3-AB7D-8CB4824AE0EC}.Debug|x64.Build.0 = Debug|Any CPU
		{E848A2ED-D0EB-40F3-AB7D-8CB4824AE0EC}.Debug|x86.ActiveCfg = Debug|Any CPU
		{E848A2ED-D0EB-40F3-AB7D-8CB4824AE0EC}.Debug|x86.Build.0 = Debug|Any CPU
		{E848A2ED-D0EB-40F3-AB7D-8CB4824AE0EC}.Release|Any CPU.ActiveCfg = Release|Any CPU
		{E848A2ED-D0EB-40F3-AB7D-8CB4824AE0EC}.Release|Any CPU.Build.0 = Release|Any CPU
		{E848A2ED-D0EB-40F3-AB7D-8CB4824AE0EC}.Release|x64.ActiveCfg = Release|Any CPU
		{E848A2ED-D0EB-40F3-AB7D-8CB4824AE0EC}.Release|x64.Build.0 = Release|Any CPU
		{E848A2ED-D0EB-40F3-AB7D-8CB4824AE0EC}.Release|x86.ActiveCfg = Release|Any CPU
		{E848A2ED-D0EB-40F3-AB7D-8CB4824AE0EC}.Release|x86.Build.0 = Release|Any CPU
		{1FA299C5-47B8-4AF2-A9B6-A35AA5F7515F}.Debug|Any CPU.ActiveCfg = Debug|Any CPU
		{1FA299C5-47B8-4AF2-A9B6-A35AA5F7515F}.Debug|Any CPU.Build.0 = Debug|Any CPU
		{1FA299C5-47B8-4AF2-A9B6-A35AA5F7515F}.Debug|x64.ActiveCfg = Debug|Any CPU
		{1FA299C5-47B8-4AF2-A9B6-A35AA5F7515F}.Debug|x64.Build.0 = Debug|Any CPU
		{1FA299C5-47B8-4AF2-A9B6-A35AA5F7515F}.Debug|x86.ActiveCfg = Debug|Any CPU
		{1FA299C5-47B8-4AF2-A9B6-A35AA5F7515F}.Debug|x86.Build.0 = Debug|Any CPU
		{1FA299C5-47B8-4AF2-A9B6-A35AA5F7515F}.Release|Any CPU.ActiveCfg = Release|Any CPU
		{1FA299C5-47B8-4AF2-A9B6-A35AA5F7515F}.Release|Any CPU.Build.0 = Release|Any CPU
		{1FA299C5-47B8-4AF2-A9B6-A35AA5F7515F}.Release|x64.ActiveCfg = Release|Any CPU
		{1FA299C5-47B8-4AF2-A9B6-A35AA5F7515F}.Release|x64.Build.0 = Release|Any CPU
		{1FA299C5-47B8-4AF2-A9B6-A35AA5F7515F}.Release|x86.ActiveCfg = Release|Any CPU
		{1FA299C5-47B8-4AF2-A9B6-A35AA5F7515F}.Release|x86.Build.0 = Release|Any CPU
		{86398932-534B-42F7-8AFD-7D51BEEFB893}.Debug|Any CPU.ActiveCfg = Debug|Any CPU
		{86398932-534B-42F7-8AFD-7D51BEEFB893}.Debug|Any CPU.Build.0 = Debug|Any CPU
		{86398932-534B-42F7-8AFD-7D51BEEFB893}.Debug|x64.ActiveCfg = Debug|Any CPU
		{86398932-534B-42F7-8AFD-7D51BEEFB893}.Debug|x64.Build.0 = Debug|Any CPU
		{86398932-534B-42F7-8AFD-7D51BEEFB893}.Debug|x86.ActiveCfg = Debug|Any CPU
		{86398932-534B-42F7-8AFD-7D51BEEFB893}.Debug|x86.Build.0 = Debug|Any CPU
		{86398932-534B-42F7-8AFD-7D51BEEFB893}.Release|Any CPU.ActiveCfg = Release|Any CPU
		{86398932-534B-42F7-8AFD-7D51BEEFB893}.Release|Any CPU.Build.0 = Release|Any CPU
		{86398932-534B-42F7-8AFD-7D51BEEFB893}.Release|x64.ActiveCfg = Release|Any CPU
		{86398932-534B-42F7-8AFD-7D51BEEFB893}.Release|x64.Build.0 = Release|Any CPU
		{86398932-534B-42F7-8AFD-7D51BEEFB893}.Release|x86.ActiveCfg = Release|Any CPU
		{86398932-534B-42F7-8AFD-7D51BEEFB893}.Release|x86.Build.0 = Release|Any CPU
		{66E8A62A-A328-441D-B6E2-55FB24BB923A}.Debug|Any CPU.ActiveCfg = Debug|Any CPU
		{66E8A62A-A328-441D-B6E2-55FB24BB923A}.Debug|Any CPU.Build.0 = Debug|Any CPU
		{66E8A62A-A328-441D-B6E2-55FB24BB923A}.Debug|x64.ActiveCfg = Debug|Any CPU
		{66E8A62A-A328-441D-B6E2-55FB24BB923A}.Debug|x64.Build.0 = Debug|Any CPU
		{66E8A62A-A328-441D-B6E2-55FB24BB923A}.Debug|x86.ActiveCfg = Debug|Any CPU
		{66E8A62A-A328-441D-B6E2-55FB24BB923A}.Debug|x86.Build.0 = Debug|Any CPU
		{66E8A62A-A328-441D-B6E2-55FB24BB923A}.Release|Any CPU.ActiveCfg = Release|Any CPU
		{66E8A62A-A328-441D-B6E2-55FB24BB923A}.Release|Any CPU.Build.0 = Release|Any CPU
		{66E8A62A-A328-441D-B6E2-55FB24BB923A}.Release|x64.ActiveCfg = Release|Any CPU
		{66E8A62A-A328-441D-B6E2-55FB24BB923A}.Release|x64.Build.0 = Release|Any CPU
		{66E8A62A-A328-441D-B6E2-55FB24BB923A}.Release|x86.ActiveCfg = Release|Any CPU
		{66E8A62A-A328-441D-B6E2-55FB24BB923A}.Release|x86.Build.0 = Release|Any CPU
		{9807F563-D901-421E-96A1-27FD26A6F56B}.Debug|Any CPU.ActiveCfg = Debug|Any CPU
		{9807F563-D901-421E-96A1-27FD26A6F56B}.Debug|Any CPU.Build.0 = Debug|Any CPU
		{9807F563-D901-421E-96A1-27FD26A6F56B}.Debug|x64.ActiveCfg = Debug|Any CPU
		{9807F563-D901-421E-96A1-27FD26A6F56B}.Debug|x64.Build.0 = Debug|Any CPU
		{9807F563-D901-421E-96A1-27FD26A6F56B}.Debug|x86.ActiveCfg = Debug|Any CPU
		{9807F563-D901-421E-96A1-27FD26A6F56B}.Debug|x86.Build.0 = Debug|Any CPU
		{9807F563-D901-421E-96A1-27FD26A6F56B}.Release|Any CPU.ActiveCfg = Release|Any CPU
		{9807F563-D901-421E-96A1-27FD26A6F56B}.Release|Any CPU.Build.0 = Release|Any CPU
		{9807F563-D901-421E-96A1-27FD26A6F56B}.Release|x64.ActiveCfg = Release|Any CPU
		{9807F563-D901-421E-96A1-27FD26A6F56B}.Release|x64.Build.0 = Release|Any CPU
		{9807F563-D901-421E-96A1-27FD26A6F56B}.Release|x86.ActiveCfg = Release|Any CPU
		{9807F563-D901-421E-96A1-27FD26A6F56B}.Release|x86.Build.0 = Release|Any CPU
		{0F839B35-34E7-426D-85A0-30F9C908AF47}.Debug|Any CPU.ActiveCfg = Debug|Any CPU
		{0F839B35-34E7-426D-85A0-30F9C908AF47}.Debug|Any CPU.Build.0 = Debug|Any CPU
		{0F839B35-34E7-426D-85A0-30F9C908AF47}.Debug|x64.ActiveCfg = Debug|Any CPU
		{0F839B35-34E7-426D-85A0-30F9C908AF47}.Debug|x64.Build.0 = Debug|Any CPU
		{0F839B35-34E7-426D-85A0-30F9C908AF47}.Debug|x86.ActiveCfg = Debug|Any CPU
		{0F839B35-34E7-426D-85A0-30F9C908AF47}.Debug|x86.Build.0 = Debug|Any CPU
		{0F839B35-34E7-426D-85A0-30F9C908AF47}.Release|Any CPU.ActiveCfg = Release|Any CPU
		{0F839B35-34E7-426D-85A0-30F9C908AF47}.Release|Any CPU.Build.0 = Release|Any CPU
		{0F839B35-34E7-426D-85A0-30F9C908AF47}.Release|x64.ActiveCfg = Release|Any CPU
		{0F839B35-34E7-426D-85A0-30F9C908AF47}.Release|x64.Build.0 = Release|Any CPU
		{0F839B35-34E7-426D-85A0-30F9C908AF47}.Release|x86.ActiveCfg = Release|Any CPU
		{0F839B35-34E7-426D-85A0-30F9C908AF47}.Release|x86.Build.0 = Release|Any CPU
		{2D831254-29F2-410D-ACDC-B8F383FD3A17}.Debug|Any CPU.ActiveCfg = Debug|Any CPU
		{2D831254-29F2-410D-ACDC-B8F383FD3A17}.Debug|Any CPU.Build.0 = Debug|Any CPU
		{2D831254-29F2-410D-ACDC-B8F383FD3A17}.Debug|x64.ActiveCfg = Debug|Any CPU
		{2D831254-29F2-410D-ACDC-B8F383FD3A17}.Debug|x64.Build.0 = Debug|Any CPU
		{2D831254-29F2-410D-ACDC-B8F383FD3A17}.Debug|x86.ActiveCfg = Debug|Any CPU
		{2D831254-29F2-410D-ACDC-B8F383FD3A17}.Debug|x86.Build.0 = Debug|Any CPU
		{2D831254-29F2-410D-ACDC-B8F383FD3A17}.Release|Any CPU.ActiveCfg = Release|Any CPU
		{2D831254-29F2-410D-ACDC-B8F383FD3A17}.Release|Any CPU.Build.0 = Release|Any CPU
		{2D831254-29F2-410D-ACDC-B8F383FD3A17}.Release|x64.ActiveCfg = Release|Any CPU
		{2D831254-29F2-410D-ACDC-B8F383FD3A17}.Release|x64.Build.0 = Release|Any CPU
		{2D831254-29F2-410D-ACDC-B8F383FD3A17}.Release|x86.ActiveCfg = Release|Any CPU
		{2D831254-29F2-410D-ACDC-B8F383FD3A17}.Release|x86.Build.0 = Release|Any CPU
		{ADA6171E-5D39-430F-8367-C22B1B0229A2}.Debug|Any CPU.ActiveCfg = Debug|Any CPU
		{ADA6171E-5D39-430F-8367-C22B1B0229A2}.Debug|Any CPU.Build.0 = Debug|Any CPU
		{ADA6171E-5D39-430F-8367-C22B1B0229A2}.Debug|x64.ActiveCfg = Debug|Any CPU
		{ADA6171E-5D39-430F-8367-C22B1B0229A2}.Debug|x64.Build.0 = Debug|Any CPU
		{ADA6171E-5D39-430F-8367-C22B1B0229A2}.Debug|x86.ActiveCfg = Debug|Any CPU
		{ADA6171E-5D39-430F-8367-C22B1B0229A2}.Debug|x86.Build.0 = Debug|Any CPU
		{ADA6171E-5D39-430F-8367-C22B1B0229A2}.Release|Any CPU.ActiveCfg = Release|Any CPU
		{ADA6171E-5D39-430F-8367-C22B1B0229A2}.Release|Any CPU.Build.0 = Release|Any CPU
		{ADA6171E-5D39-430F-8367-C22B1B0229A2}.Release|x64.ActiveCfg = Release|Any CPU
		{ADA6171E-5D39-430F-8367-C22B1B0229A2}.Release|x64.Build.0 = Release|Any CPU
		{ADA6171E-5D39-430F-8367-C22B1B0229A2}.Release|x86.ActiveCfg = Release|Any CPU
		{ADA6171E-5D39-430F-8367-C22B1B0229A2}.Release|x86.Build.0 = Release|Any CPU
		{BD11D060-4045-46E3-B09A-9E531B1FE2BB}.Debug|Any CPU.ActiveCfg = Debug|Any CPU
		{BD11D060-4045-46E3-B09A-9E531B1FE2BB}.Debug|Any CPU.Build.0 = Debug|Any CPU
		{BD11D060-4045-46E3-B09A-9E531B1FE2BB}.Debug|x64.ActiveCfg = Debug|Any CPU
		{BD11D060-4045-46E3-B09A-9E531B1FE2BB}.Debug|x64.Build.0 = Debug|Any CPU
		{BD11D060-4045-46E3-B09A-9E531B1FE2BB}.Debug|x86.ActiveCfg = Debug|Any CPU
		{BD11D060-4045-46E3-B09A-9E531B1FE2BB}.Debug|x86.Build.0 = Debug|Any CPU
		{BD11D060-4045-46E3-B09A-9E531B1FE2BB}.Release|Any CPU.ActiveCfg = Release|Any CPU
		{BD11D060-4045-46E3-B09A-9E531B1FE2BB}.Release|Any CPU.Build.0 = Release|Any CPU
		{BD11D060-4045-46E3-B09A-9E531B1FE2BB}.Release|x64.ActiveCfg = Release|Any CPU
		{BD11D060-4045-46E3-B09A-9E531B1FE2BB}.Release|x64.Build.0 = Release|Any CPU
		{BD11D060-4045-46E3-B09A-9E531B1FE2BB}.Release|x86.ActiveCfg = Release|Any CPU
		{BD11D060-4045-46E3-B09A-9E531B1FE2BB}.Release|x86.Build.0 = Release|Any CPU
		{5BFF4297-F82B-45C0-8A89-6ECD2F732F6C}.Debug|Any CPU.ActiveCfg = Debug|Any CPU
		{5BFF4297-F82B-45C0-8A89-6ECD2F732F6C}.Debug|Any CPU.Build.0 = Debug|Any CPU
		{5BFF4297-F82B-45C0-8A89-6ECD2F732F6C}.Debug|x64.ActiveCfg = Debug|Any CPU
		{5BFF4297-F82B-45C0-8A89-6ECD2F732F6C}.Debug|x64.Build.0 = Debug|Any CPU
		{5BFF4297-F82B-45C0-8A89-6ECD2F732F6C}.Debug|x86.ActiveCfg = Debug|Any CPU
		{5BFF4297-F82B-45C0-8A89-6ECD2F732F6C}.Debug|x86.Build.0 = Debug|Any CPU
		{5BFF4297-F82B-45C0-8A89-6ECD2F732F6C}.Release|Any CPU.ActiveCfg = Release|Any CPU
		{5BFF4297-F82B-45C0-8A89-6ECD2F732F6C}.Release|Any CPU.Build.0 = Release|Any CPU
		{5BFF4297-F82B-45C0-8A89-6ECD2F732F6C}.Release|x64.ActiveCfg = Release|Any CPU
		{5BFF4297-F82B-45C0-8A89-6ECD2F732F6C}.Release|x64.Build.0 = Release|Any CPU
		{5BFF4297-F82B-45C0-8A89-6ECD2F732F6C}.Release|x86.ActiveCfg = Release|Any CPU
		{5BFF4297-F82B-45C0-8A89-6ECD2F732F6C}.Release|x86.Build.0 = Release|Any CPU
		{513C21F4-A9CC-4D6D-8ADE-460F10C04AC6}.Debug|Any CPU.ActiveCfg = Debug|Any CPU
		{513C21F4-A9CC-4D6D-8ADE-460F10C04AC6}.Debug|Any CPU.Build.0 = Debug|Any CPU
		{513C21F4-A9CC-4D6D-8ADE-460F10C04AC6}.Debug|x64.ActiveCfg = Debug|Any CPU
		{513C21F4-A9CC-4D6D-8ADE-460F10C04AC6}.Debug|x64.Build.0 = Debug|Any CPU
		{513C21F4-A9CC-4D6D-8ADE-460F10C04AC6}.Debug|x86.ActiveCfg = Debug|Any CPU
		{513C21F4-A9CC-4D6D-8ADE-460F10C04AC6}.Debug|x86.Build.0 = Debug|Any CPU
		{513C21F4-A9CC-4D6D-8ADE-460F10C04AC6}.Release|Any CPU.ActiveCfg = Release|Any CPU
		{513C21F4-A9CC-4D6D-8ADE-460F10C04AC6}.Release|Any CPU.Build.0 = Release|Any CPU
		{513C21F4-A9CC-4D6D-8ADE-460F10C04AC6}.Release|x64.ActiveCfg = Release|Any CPU
		{513C21F4-A9CC-4D6D-8ADE-460F10C04AC6}.Release|x64.Build.0 = Release|Any CPU
		{513C21F4-A9CC-4D6D-8ADE-460F10C04AC6}.Release|x86.ActiveCfg = Release|Any CPU
		{513C21F4-A9CC-4D6D-8ADE-460F10C04AC6}.Release|x86.Build.0 = Release|Any CPU
		{6DF461AE-02B1-45A6-83FB-F6C89DCC5C40}.Debug|Any CPU.ActiveCfg = Debug|Any CPU
		{6DF461AE-02B1-45A6-83FB-F6C89DCC5C40}.Debug|Any CPU.Build.0 = Debug|Any CPU
		{6DF461AE-02B1-45A6-83FB-F6C89DCC5C40}.Debug|x64.ActiveCfg = Debug|Any CPU
		{6DF461AE-02B1-45A6-83FB-F6C89DCC5C40}.Debug|x64.Build.0 = Debug|Any CPU
		{6DF461AE-02B1-45A6-83FB-F6C89DCC5C40}.Debug|x86.ActiveCfg = Debug|Any CPU
		{6DF461AE-02B1-45A6-83FB-F6C89DCC5C40}.Debug|x86.Build.0 = Debug|Any CPU
		{6DF461AE-02B1-45A6-83FB-F6C89DCC5C40}.Release|Any CPU.ActiveCfg = Release|Any CPU
		{6DF461AE-02B1-45A6-83FB-F6C89DCC5C40}.Release|Any CPU.Build.0 = Release|Any CPU
		{6DF461AE-02B1-45A6-83FB-F6C89DCC5C40}.Release|x64.ActiveCfg = Release|Any CPU
		{6DF461AE-02B1-45A6-83FB-F6C89DCC5C40}.Release|x64.Build.0 = Release|Any CPU
		{6DF461AE-02B1-45A6-83FB-F6C89DCC5C40}.Release|x86.ActiveCfg = Release|Any CPU
		{6DF461AE-02B1-45A6-83FB-F6C89DCC5C40}.Release|x86.Build.0 = Release|Any CPU
		{DA0D5D4B-AE57-4855-AC38-6E9122FCC63A}.Debug|Any CPU.ActiveCfg = Debug|Any CPU
		{DA0D5D4B-AE57-4855-AC38-6E9122FCC63A}.Debug|Any CPU.Build.0 = Debug|Any CPU
		{DA0D5D4B-AE57-4855-AC38-6E9122FCC63A}.Debug|x64.ActiveCfg = Debug|Any CPU
		{DA0D5D4B-AE57-4855-AC38-6E9122FCC63A}.Debug|x64.Build.0 = Debug|Any CPU
		{DA0D5D4B-AE57-4855-AC38-6E9122FCC63A}.Debug|x86.ActiveCfg = Debug|Any CPU
		{DA0D5D4B-AE57-4855-AC38-6E9122FCC63A}.Debug|x86.Build.0 = Debug|Any CPU
		{DA0D5D4B-AE57-4855-AC38-6E9122FCC63A}.Release|Any CPU.ActiveCfg = Release|Any CPU
		{DA0D5D4B-AE57-4855-AC38-6E9122FCC63A}.Release|Any CPU.Build.0 = Release|Any CPU
		{DA0D5D4B-AE57-4855-AC38-6E9122FCC63A}.Release|x64.ActiveCfg = Release|Any CPU
		{DA0D5D4B-AE57-4855-AC38-6E9122FCC63A}.Release|x64.Build.0 = Release|Any CPU
		{DA0D5D4B-AE57-4855-AC38-6E9122FCC63A}.Release|x86.ActiveCfg = Release|Any CPU
		{DA0D5D4B-AE57-4855-AC38-6E9122FCC63A}.Release|x86.Build.0 = Release|Any CPU
		{AA78B211-B003-4D9C-8346-2DE2EE47AC42}.Debug|Any CPU.ActiveCfg = Debug|Any CPU
		{AA78B211-B003-4D9C-8346-2DE2EE47AC42}.Debug|Any CPU.Build.0 = Debug|Any CPU
		{AA78B211-B003-4D9C-8346-2DE2EE47AC42}.Debug|x64.ActiveCfg = Debug|Any CPU
		{AA78B211-B003-4D9C-8346-2DE2EE47AC42}.Debug|x64.Build.0 = Debug|Any CPU
		{AA78B211-B003-4D9C-8346-2DE2EE47AC42}.Debug|x86.ActiveCfg = Debug|Any CPU
		{AA78B211-B003-4D9C-8346-2DE2EE47AC42}.Debug|x86.Build.0 = Debug|Any CPU
		{AA78B211-B003-4D9C-8346-2DE2EE47AC42}.Release|Any CPU.ActiveCfg = Release|Any CPU
		{AA78B211-B003-4D9C-8346-2DE2EE47AC42}.Release|Any CPU.Build.0 = Release|Any CPU
		{AA78B211-B003-4D9C-8346-2DE2EE47AC42}.Release|x64.ActiveCfg = Release|Any CPU
		{AA78B211-B003-4D9C-8346-2DE2EE47AC42}.Release|x64.Build.0 = Release|Any CPU
		{AA78B211-B003-4D9C-8346-2DE2EE47AC42}.Release|x86.ActiveCfg = Release|Any CPU
		{AA78B211-B003-4D9C-8346-2DE2EE47AC42}.Release|x86.Build.0 = Release|Any CPU
		{531AEEE9-FBD1-43AC-BA6A-AD862D54A35D}.Debug|Any CPU.ActiveCfg = Debug|Any CPU
		{531AEEE9-FBD1-43AC-BA6A-AD862D54A35D}.Debug|Any CPU.Build.0 = Debug|Any CPU
		{531AEEE9-FBD1-43AC-BA6A-AD862D54A35D}.Debug|x64.ActiveCfg = Debug|Any CPU
		{531AEEE9-FBD1-43AC-BA6A-AD862D54A35D}.Debug|x64.Build.0 = Debug|Any CPU
		{531AEEE9-FBD1-43AC-BA6A-AD862D54A35D}.Debug|x86.ActiveCfg = Debug|Any CPU
		{531AEEE9-FBD1-43AC-BA6A-AD862D54A35D}.Debug|x86.Build.0 = Debug|Any CPU
		{531AEEE9-FBD1-43AC-BA6A-AD862D54A35D}.Release|Any CPU.ActiveCfg = Release|Any CPU
		{531AEEE9-FBD1-43AC-BA6A-AD862D54A35D}.Release|Any CPU.Build.0 = Release|Any CPU
		{531AEEE9-FBD1-43AC-BA6A-AD862D54A35D}.Release|x64.ActiveCfg = Release|Any CPU
		{531AEEE9-FBD1-43AC-BA6A-AD862D54A35D}.Release|x64.Build.0 = Release|Any CPU
		{531AEEE9-FBD1-43AC-BA6A-AD862D54A35D}.Release|x86.ActiveCfg = Release|Any CPU
		{531AEEE9-FBD1-43AC-BA6A-AD862D54A35D}.Release|x86.Build.0 = Release|Any CPU
		{583F017E-B182-4B08-8442-B1D227CD2C6A}.Debug|Any CPU.ActiveCfg = Debug|Any CPU
		{583F017E-B182-4B08-8442-B1D227CD2C6A}.Debug|Any CPU.Build.0 = Debug|Any CPU
		{583F017E-B182-4B08-8442-B1D227CD2C6A}.Debug|x64.ActiveCfg = Debug|Any CPU
		{583F017E-B182-4B08-8442-B1D227CD2C6A}.Debug|x64.Build.0 = Debug|Any CPU
		{583F017E-B182-4B08-8442-B1D227CD2C6A}.Debug|x86.ActiveCfg = Debug|Any CPU
		{583F017E-B182-4B08-8442-B1D227CD2C6A}.Debug|x86.Build.0 = Debug|Any CPU
		{583F017E-B182-4B08-8442-B1D227CD2C6A}.Release|Any CPU.ActiveCfg = Release|Any CPU
		{583F017E-B182-4B08-8442-B1D227CD2C6A}.Release|Any CPU.Build.0 = Release|Any CPU
		{583F017E-B182-4B08-8442-B1D227CD2C6A}.Release|x64.ActiveCfg = Release|Any CPU
		{583F017E-B182-4B08-8442-B1D227CD2C6A}.Release|x64.Build.0 = Release|Any CPU
		{583F017E-B182-4B08-8442-B1D227CD2C6A}.Release|x86.ActiveCfg = Release|Any CPU
		{583F017E-B182-4B08-8442-B1D227CD2C6A}.Release|x86.Build.0 = Release|Any CPU
		{954BFBF1-5A5D-4F8E-BAAB-B1DECA540F73}.Debug|Any CPU.ActiveCfg = Debug|Any CPU
		{954BFBF1-5A5D-4F8E-BAAB-B1DECA540F73}.Debug|Any CPU.Build.0 = Debug|Any CPU
		{954BFBF1-5A5D-4F8E-BAAB-B1DECA540F73}.Debug|x64.ActiveCfg = Debug|Any CPU
		{954BFBF1-5A5D-4F8E-BAAB-B1DECA540F73}.Debug|x64.Build.0 = Debug|Any CPU
		{954BFBF1-5A5D-4F8E-BAAB-B1DECA540F73}.Debug|x86.ActiveCfg = Debug|Any CPU
		{954BFBF1-5A5D-4F8E-BAAB-B1DECA540F73}.Debug|x86.Build.0 = Debug|Any CPU
		{954BFBF1-5A5D-4F8E-BAAB-B1DECA540F73}.Release|Any CPU.ActiveCfg = Release|Any CPU
		{954BFBF1-5A5D-4F8E-BAAB-B1DECA540F73}.Release|Any CPU.Build.0 = Release|Any CPU
		{954BFBF1-5A5D-4F8E-BAAB-B1DECA540F73}.Release|x64.ActiveCfg = Release|Any CPU
		{954BFBF1-5A5D-4F8E-BAAB-B1DECA540F73}.Release|x64.Build.0 = Release|Any CPU
		{954BFBF1-5A5D-4F8E-BAAB-B1DECA540F73}.Release|x86.ActiveCfg = Release|Any CPU
		{954BFBF1-5A5D-4F8E-BAAB-B1DECA540F73}.Release|x86.Build.0 = Release|Any CPU
		{937D6A96-740F-44BA-9993-54BD09025B55}.Debug|Any CPU.ActiveCfg = Debug|Any CPU
		{937D6A96-740F-44BA-9993-54BD09025B55}.Debug|Any CPU.Build.0 = Debug|Any CPU
		{937D6A96-740F-44BA-9993-54BD09025B55}.Debug|x64.ActiveCfg = Debug|Any CPU
		{937D6A96-740F-44BA-9993-54BD09025B55}.Debug|x64.Build.0 = Debug|Any CPU
		{937D6A96-740F-44BA-9993-54BD09025B55}.Debug|x86.ActiveCfg = Debug|Any CPU
		{937D6A96-740F-44BA-9993-54BD09025B55}.Debug|x86.Build.0 = Debug|Any CPU
		{937D6A96-740F-44BA-9993-54BD09025B55}.Release|Any CPU.ActiveCfg = Release|Any CPU
		{937D6A96-740F-44BA-9993-54BD09025B55}.Release|Any CPU.Build.0 = Release|Any CPU
		{937D6A96-740F-44BA-9993-54BD09025B55}.Release|x64.ActiveCfg = Release|Any CPU
		{937D6A96-740F-44BA-9993-54BD09025B55}.Release|x64.Build.0 = Release|Any CPU
		{937D6A96-740F-44BA-9993-54BD09025B55}.Release|x86.ActiveCfg = Release|Any CPU
		{937D6A96-740F-44BA-9993-54BD09025B55}.Release|x86.Build.0 = Release|Any CPU
		{2C1A48AE-BA9B-45B8-AE93-93D2B647C763}.Debug|Any CPU.ActiveCfg = Debug|Any CPU
		{2C1A48AE-BA9B-45B8-AE93-93D2B647C763}.Debug|Any CPU.Build.0 = Debug|Any CPU
		{2C1A48AE-BA9B-45B8-AE93-93D2B647C763}.Debug|x64.ActiveCfg = Debug|Any CPU
		{2C1A48AE-BA9B-45B8-AE93-93D2B647C763}.Debug|x64.Build.0 = Debug|Any CPU
		{2C1A48AE-BA9B-45B8-AE93-93D2B647C763}.Debug|x86.ActiveCfg = Debug|Any CPU
		{2C1A48AE-BA9B-45B8-AE93-93D2B647C763}.Debug|x86.Build.0 = Debug|Any CPU
		{2C1A48AE-BA9B-45B8-AE93-93D2B647C763}.Release|Any CPU.ActiveCfg = Release|Any CPU
		{2C1A48AE-BA9B-45B8-AE93-93D2B647C763}.Release|Any CPU.Build.0 = Release|Any CPU
		{2C1A48AE-BA9B-45B8-AE93-93D2B647C763}.Release|x64.ActiveCfg = Release|Any CPU
		{2C1A48AE-BA9B-45B8-AE93-93D2B647C763}.Release|x64.Build.0 = Release|Any CPU
		{2C1A48AE-BA9B-45B8-AE93-93D2B647C763}.Release|x86.ActiveCfg = Release|Any CPU
		{2C1A48AE-BA9B-45B8-AE93-93D2B647C763}.Release|x86.Build.0 = Release|Any CPU
		{A9868ABF-7F35-4799-9A3A-23C451CBF0F9}.Debug|Any CPU.ActiveCfg = Debug|Any CPU
		{A9868ABF-7F35-4799-9A3A-23C451CBF0F9}.Debug|Any CPU.Build.0 = Debug|Any CPU
		{A9868ABF-7F35-4799-9A3A-23C451CBF0F9}.Debug|x64.ActiveCfg = Debug|Any CPU
		{A9868ABF-7F35-4799-9A3A-23C451CBF0F9}.Debug|x64.Build.0 = Debug|Any CPU
		{A9868ABF-7F35-4799-9A3A-23C451CBF0F9}.Debug|x86.ActiveCfg = Debug|Any CPU
		{A9868ABF-7F35-4799-9A3A-23C451CBF0F9}.Debug|x86.Build.0 = Debug|Any CPU
		{A9868ABF-7F35-4799-9A3A-23C451CBF0F9}.Release|Any CPU.ActiveCfg = Release|Any CPU
		{A9868ABF-7F35-4799-9A3A-23C451CBF0F9}.Release|Any CPU.Build.0 = Release|Any CPU
		{A9868ABF-7F35-4799-9A3A-23C451CBF0F9}.Release|x64.ActiveCfg = Release|Any CPU
		{A9868ABF-7F35-4799-9A3A-23C451CBF0F9}.Release|x64.Build.0 = Release|Any CPU
		{A9868ABF-7F35-4799-9A3A-23C451CBF0F9}.Release|x86.ActiveCfg = Release|Any CPU
		{A9868ABF-7F35-4799-9A3A-23C451CBF0F9}.Release|x86.Build.0 = Release|Any CPU
		{DF74B355-6E9B-44A0-9842-7497D1E5EA93}.Debug|Any CPU.ActiveCfg = Debug|Any CPU
		{DF74B355-6E9B-44A0-9842-7497D1E5EA93}.Debug|Any CPU.Build.0 = Debug|Any CPU
		{DF74B355-6E9B-44A0-9842-7497D1E5EA93}.Debug|x64.ActiveCfg = Debug|Any CPU
		{DF74B355-6E9B-44A0-9842-7497D1E5EA93}.Debug|x64.Build.0 = Debug|Any CPU
		{DF74B355-6E9B-44A0-9842-7497D1E5EA93}.Debug|x86.ActiveCfg = Debug|Any CPU
		{DF74B355-6E9B-44A0-9842-7497D1E5EA93}.Debug|x86.Build.0 = Debug|Any CPU
		{DF74B355-6E9B-44A0-9842-7497D1E5EA93}.Release|Any CPU.ActiveCfg = Release|Any CPU
		{DF74B355-6E9B-44A0-9842-7497D1E5EA93}.Release|Any CPU.Build.0 = Release|Any CPU
		{DF74B355-6E9B-44A0-9842-7497D1E5EA93}.Release|x64.ActiveCfg = Release|Any CPU
		{DF74B355-6E9B-44A0-9842-7497D1E5EA93}.Release|x64.Build.0 = Release|Any CPU
		{DF74B355-6E9B-44A0-9842-7497D1E5EA93}.Release|x86.ActiveCfg = Release|Any CPU
		{DF74B355-6E9B-44A0-9842-7497D1E5EA93}.Release|x86.Build.0 = Release|Any CPU
		{8F0D7A09-4FA2-46BC-A1DA-B2AC3F2ADCE9}.Debug|Any CPU.ActiveCfg = Debug|Any CPU
		{8F0D7A09-4FA2-46BC-A1DA-B2AC3F2ADCE9}.Debug|Any CPU.Build.0 = Debug|Any CPU
		{8F0D7A09-4FA2-46BC-A1DA-B2AC3F2ADCE9}.Debug|x64.ActiveCfg = Debug|Any CPU
		{8F0D7A09-4FA2-46BC-A1DA-B2AC3F2ADCE9}.Debug|x64.Build.0 = Debug|Any CPU
		{8F0D7A09-4FA2-46BC-A1DA-B2AC3F2ADCE9}.Debug|x86.ActiveCfg = Debug|Any CPU
		{8F0D7A09-4FA2-46BC-A1DA-B2AC3F2ADCE9}.Debug|x86.Build.0 = Debug|Any CPU
		{8F0D7A09-4FA2-46BC-A1DA-B2AC3F2ADCE9}.Release|Any CPU.ActiveCfg = Release|Any CPU
		{8F0D7A09-4FA2-46BC-A1DA-B2AC3F2ADCE9}.Release|Any CPU.Build.0 = Release|Any CPU
		{8F0D7A09-4FA2-46BC-A1DA-B2AC3F2ADCE9}.Release|x64.ActiveCfg = Release|Any CPU
		{8F0D7A09-4FA2-46BC-A1DA-B2AC3F2ADCE9}.Release|x64.Build.0 = Release|Any CPU
		{8F0D7A09-4FA2-46BC-A1DA-B2AC3F2ADCE9}.Release|x86.ActiveCfg = Release|Any CPU
		{8F0D7A09-4FA2-46BC-A1DA-B2AC3F2ADCE9}.Release|x86.Build.0 = Release|Any CPU
		{4EB3B760-8256-4AD3-B0B8-56227DBA0876}.Debug|Any CPU.ActiveCfg = Debug|Any CPU
		{4EB3B760-8256-4AD3-B0B8-56227DBA0876}.Debug|Any CPU.Build.0 = Debug|Any CPU
		{4EB3B760-8256-4AD3-B0B8-56227DBA0876}.Debug|x64.ActiveCfg = Debug|Any CPU
		{4EB3B760-8256-4AD3-B0B8-56227DBA0876}.Debug|x64.Build.0 = Debug|Any CPU
		{4EB3B760-8256-4AD3-B0B8-56227DBA0876}.Debug|x86.ActiveCfg = Debug|Any CPU
		{4EB3B760-8256-4AD3-B0B8-56227DBA0876}.Debug|x86.Build.0 = Debug|Any CPU
		{4EB3B760-8256-4AD3-B0B8-56227DBA0876}.Release|Any CPU.ActiveCfg = Release|Any CPU
		{4EB3B760-8256-4AD3-B0B8-56227DBA0876}.Release|Any CPU.Build.0 = Release|Any CPU
		{4EB3B760-8256-4AD3-B0B8-56227DBA0876}.Release|x64.ActiveCfg = Release|Any CPU
		{4EB3B760-8256-4AD3-B0B8-56227DBA0876}.Release|x64.Build.0 = Release|Any CPU
		{4EB3B760-8256-4AD3-B0B8-56227DBA0876}.Release|x86.ActiveCfg = Release|Any CPU
		{4EB3B760-8256-4AD3-B0B8-56227DBA0876}.Release|x86.Build.0 = Release|Any CPU
		{804F7F83-E566-4128-BAE7-A1FC5DE34333}.Debug|Any CPU.ActiveCfg = Debug|Any CPU
		{804F7F83-E566-4128-BAE7-A1FC5DE34333}.Debug|Any CPU.Build.0 = Debug|Any CPU
		{804F7F83-E566-4128-BAE7-A1FC5DE34333}.Debug|x64.ActiveCfg = Debug|Any CPU
		{804F7F83-E566-4128-BAE7-A1FC5DE34333}.Debug|x64.Build.0 = Debug|Any CPU
		{804F7F83-E566-4128-BAE7-A1FC5DE34333}.Debug|x86.ActiveCfg = Debug|Any CPU
		{804F7F83-E566-4128-BAE7-A1FC5DE34333}.Debug|x86.Build.0 = Debug|Any CPU
		{804F7F83-E566-4128-BAE7-A1FC5DE34333}.Release|Any CPU.ActiveCfg = Release|Any CPU
		{804F7F83-E566-4128-BAE7-A1FC5DE34333}.Release|Any CPU.Build.0 = Release|Any CPU
		{804F7F83-E566-4128-BAE7-A1FC5DE34333}.Release|x64.ActiveCfg = Release|Any CPU
		{804F7F83-E566-4128-BAE7-A1FC5DE34333}.Release|x64.Build.0 = Release|Any CPU
		{804F7F83-E566-4128-BAE7-A1FC5DE34333}.Release|x86.ActiveCfg = Release|Any CPU
		{804F7F83-E566-4128-BAE7-A1FC5DE34333}.Release|x86.Build.0 = Release|Any CPU
		{3A080C41-3841-4556-B9A0-014CA454AE07}.Debug|Any CPU.ActiveCfg = Debug|Any CPU
		{3A080C41-3841-4556-B9A0-014CA454AE07}.Debug|Any CPU.Build.0 = Debug|Any CPU
		{3A080C41-3841-4556-B9A0-014CA454AE07}.Debug|x64.ActiveCfg = Debug|Any CPU
		{3A080C41-3841-4556-B9A0-014CA454AE07}.Debug|x64.Build.0 = Debug|Any CPU
		{3A080C41-3841-4556-B9A0-014CA454AE07}.Debug|x86.ActiveCfg = Debug|Any CPU
		{3A080C41-3841-4556-B9A0-014CA454AE07}.Debug|x86.Build.0 = Debug|Any CPU
		{3A080C41-3841-4556-B9A0-014CA454AE07}.Release|Any CPU.ActiveCfg = Release|Any CPU
		{3A080C41-3841-4556-B9A0-014CA454AE07}.Release|Any CPU.Build.0 = Release|Any CPU
		{3A080C41-3841-4556-B9A0-014CA454AE07}.Release|x64.ActiveCfg = Release|Any CPU
		{3A080C41-3841-4556-B9A0-014CA454AE07}.Release|x64.Build.0 = Release|Any CPU
		{3A080C41-3841-4556-B9A0-014CA454AE07}.Release|x86.ActiveCfg = Release|Any CPU
		{3A080C41-3841-4556-B9A0-014CA454AE07}.Release|x86.Build.0 = Release|Any CPU
		{4EEBE52C-1A01-4584-9A29-1463AE2AB4BB}.Debug|Any CPU.ActiveCfg = Debug|Any CPU
		{4EEBE52C-1A01-4584-9A29-1463AE2AB4BB}.Debug|Any CPU.Build.0 = Debug|Any CPU
		{4EEBE52C-1A01-4584-9A29-1463AE2AB4BB}.Debug|x64.ActiveCfg = Debug|Any CPU
		{4EEBE52C-1A01-4584-9A29-1463AE2AB4BB}.Debug|x64.Build.0 = Debug|Any CPU
		{4EEBE52C-1A01-4584-9A29-1463AE2AB4BB}.Debug|x86.ActiveCfg = Debug|Any CPU
		{4EEBE52C-1A01-4584-9A29-1463AE2AB4BB}.Debug|x86.Build.0 = Debug|Any CPU
		{4EEBE52C-1A01-4584-9A29-1463AE2AB4BB}.Release|Any CPU.ActiveCfg = Release|Any CPU
		{4EEBE52C-1A01-4584-9A29-1463AE2AB4BB}.Release|Any CPU.Build.0 = Release|Any CPU
		{4EEBE52C-1A01-4584-9A29-1463AE2AB4BB}.Release|x64.ActiveCfg = Release|Any CPU
		{4EEBE52C-1A01-4584-9A29-1463AE2AB4BB}.Release|x64.Build.0 = Release|Any CPU
		{4EEBE52C-1A01-4584-9A29-1463AE2AB4BB}.Release|x86.ActiveCfg = Release|Any CPU
		{4EEBE52C-1A01-4584-9A29-1463AE2AB4BB}.Release|x86.Build.0 = Release|Any CPU
		{53F27248-6BF9-440E-BF80-0C8C67E271C5}.Debug|Any CPU.ActiveCfg = Debug|Any CPU
		{53F27248-6BF9-440E-BF80-0C8C67E271C5}.Debug|Any CPU.Build.0 = Debug|Any CPU
		{53F27248-6BF9-440E-BF80-0C8C67E271C5}.Debug|x64.ActiveCfg = Debug|Any CPU
		{53F27248-6BF9-440E-BF80-0C8C67E271C5}.Debug|x64.Build.0 = Debug|Any CPU
		{53F27248-6BF9-440E-BF80-0C8C67E271C5}.Debug|x86.ActiveCfg = Debug|Any CPU
		{53F27248-6BF9-440E-BF80-0C8C67E271C5}.Debug|x86.Build.0 = Debug|Any CPU
		{53F27248-6BF9-440E-BF80-0C8C67E271C5}.Release|Any CPU.ActiveCfg = Release|Any CPU
		{53F27248-6BF9-440E-BF80-0C8C67E271C5}.Release|Any CPU.Build.0 = Release|Any CPU
		{53F27248-6BF9-440E-BF80-0C8C67E271C5}.Release|x64.ActiveCfg = Release|Any CPU
		{53F27248-6BF9-440E-BF80-0C8C67E271C5}.Release|x64.Build.0 = Release|Any CPU
		{53F27248-6BF9-440E-BF80-0C8C67E271C5}.Release|x86.ActiveCfg = Release|Any CPU
		{53F27248-6BF9-440E-BF80-0C8C67E271C5}.Release|x86.Build.0 = Release|Any CPU
		{BDE3CCE8-65BA-4D7A-9169-EFCCB8F52C6D}.Debug|Any CPU.ActiveCfg = Debug|Any CPU
		{BDE3CCE8-65BA-4D7A-9169-EFCCB8F52C6D}.Debug|Any CPU.Build.0 = Debug|Any CPU
		{BDE3CCE8-65BA-4D7A-9169-EFCCB8F52C6D}.Debug|x64.ActiveCfg = Debug|Any CPU
		{BDE3CCE8-65BA-4D7A-9169-EFCCB8F52C6D}.Debug|x64.Build.0 = Debug|Any CPU
		{BDE3CCE8-65BA-4D7A-9169-EFCCB8F52C6D}.Debug|x86.ActiveCfg = Debug|Any CPU
		{BDE3CCE8-65BA-4D7A-9169-EFCCB8F52C6D}.Debug|x86.Build.0 = Debug|Any CPU
		{BDE3CCE8-65BA-4D7A-9169-EFCCB8F52C6D}.Release|Any CPU.ActiveCfg = Release|Any CPU
		{BDE3CCE8-65BA-4D7A-9169-EFCCB8F52C6D}.Release|Any CPU.Build.0 = Release|Any CPU
		{BDE3CCE8-65BA-4D7A-9169-EFCCB8F52C6D}.Release|x64.ActiveCfg = Release|Any CPU
		{BDE3CCE8-65BA-4D7A-9169-EFCCB8F52C6D}.Release|x64.Build.0 = Release|Any CPU
		{BDE3CCE8-65BA-4D7A-9169-EFCCB8F52C6D}.Release|x86.ActiveCfg = Release|Any CPU
		{BDE3CCE8-65BA-4D7A-9169-EFCCB8F52C6D}.Release|x86.Build.0 = Release|Any CPU
		{AF83F47D-1561-402E-818E-4F502409062E}.Debug|Any CPU.ActiveCfg = Debug|Any CPU
		{AF83F47D-1561-402E-818E-4F502409062E}.Debug|Any CPU.Build.0 = Debug|Any CPU
		{AF83F47D-1561-402E-818E-4F502409062E}.Debug|x64.ActiveCfg = Debug|Any CPU
		{AF83F47D-1561-402E-818E-4F502409062E}.Debug|x64.Build.0 = Debug|Any CPU
		{AF83F47D-1561-402E-818E-4F502409062E}.Debug|x86.ActiveCfg = Debug|Any CPU
		{AF83F47D-1561-402E-818E-4F502409062E}.Debug|x86.Build.0 = Debug|Any CPU
		{AF83F47D-1561-402E-818E-4F502409062E}.Release|Any CPU.ActiveCfg = Release|Any CPU
		{AF83F47D-1561-402E-818E-4F502409062E}.Release|Any CPU.Build.0 = Release|Any CPU
		{AF83F47D-1561-402E-818E-4F502409062E}.Release|x64.ActiveCfg = Release|Any CPU
		{AF83F47D-1561-402E-818E-4F502409062E}.Release|x64.Build.0 = Release|Any CPU
		{AF83F47D-1561-402E-818E-4F502409062E}.Release|x86.ActiveCfg = Release|Any CPU
		{AF83F47D-1561-402E-818E-4F502409062E}.Release|x86.Build.0 = Release|Any CPU
		{5D44BBDC-931B-4EB2-A672-91F858CB8CC3}.Debug|Any CPU.ActiveCfg = Debug|Any CPU
		{5D44BBDC-931B-4EB2-A672-91F858CB8CC3}.Debug|Any CPU.Build.0 = Debug|Any CPU
		{5D44BBDC-931B-4EB2-A672-91F858CB8CC3}.Debug|x64.ActiveCfg = Debug|Any CPU
		{5D44BBDC-931B-4EB2-A672-91F858CB8CC3}.Debug|x64.Build.0 = Debug|Any CPU
		{5D44BBDC-931B-4EB2-A672-91F858CB8CC3}.Debug|x86.ActiveCfg = Debug|Any CPU
		{5D44BBDC-931B-4EB2-A672-91F858CB8CC3}.Debug|x86.Build.0 = Debug|Any CPU
		{5D44BBDC-931B-4EB2-A672-91F858CB8CC3}.Release|Any CPU.ActiveCfg = Release|Any CPU
		{5D44BBDC-931B-4EB2-A672-91F858CB8CC3}.Release|Any CPU.Build.0 = Release|Any CPU
		{5D44BBDC-931B-4EB2-A672-91F858CB8CC3}.Release|x64.ActiveCfg = Release|Any CPU
		{5D44BBDC-931B-4EB2-A672-91F858CB8CC3}.Release|x64.Build.0 = Release|Any CPU
		{5D44BBDC-931B-4EB2-A672-91F858CB8CC3}.Release|x86.ActiveCfg = Release|Any CPU
		{5D44BBDC-931B-4EB2-A672-91F858CB8CC3}.Release|x86.Build.0 = Release|Any CPU
		{D07A4831-49B1-401B-A106-90502CBB5C96}.Debug|Any CPU.ActiveCfg = Debug|Any CPU
		{D07A4831-49B1-401B-A106-90502CBB5C96}.Debug|Any CPU.Build.0 = Debug|Any CPU
		{D07A4831-49B1-401B-A106-90502CBB5C96}.Debug|x64.ActiveCfg = Debug|Any CPU
		{D07A4831-49B1-401B-A106-90502CBB5C96}.Debug|x64.Build.0 = Debug|Any CPU
		{D07A4831-49B1-401B-A106-90502CBB5C96}.Debug|x86.ActiveCfg = Debug|Any CPU
		{D07A4831-49B1-401B-A106-90502CBB5C96}.Debug|x86.Build.0 = Debug|Any CPU
		{D07A4831-49B1-401B-A106-90502CBB5C96}.Release|Any CPU.ActiveCfg = Release|Any CPU
		{D07A4831-49B1-401B-A106-90502CBB5C96}.Release|Any CPU.Build.0 = Release|Any CPU
		{D07A4831-49B1-401B-A106-90502CBB5C96}.Release|x64.ActiveCfg = Release|Any CPU
		{D07A4831-49B1-401B-A106-90502CBB5C96}.Release|x64.Build.0 = Release|Any CPU
		{D07A4831-49B1-401B-A106-90502CBB5C96}.Release|x86.ActiveCfg = Release|Any CPU
		{D07A4831-49B1-401B-A106-90502CBB5C96}.Release|x86.Build.0 = Release|Any CPU
	EndGlobalSection
	GlobalSection(SolutionProperties) = preSolution
		HideSolutionNode = FALSE
	EndGlobalSection
	GlobalSection(NestedProjects) = preSolution
		{F3284829-C371-427A-A927-6955014AFCB2} = {D10499A4-6135-4DFF-831B-69EFB5AAF71C}
		{3FD494B5-9FCE-447C-A9B2-610DA96719A8} = {F3284829-C371-427A-A927-6955014AFCB2}
		{7407C0E0-6543-4683-B7B1-AE3FC3B01F85} = {3FD494B5-9FCE-447C-A9B2-610DA96719A8}
		{CEAC9E99-CF5D-4DD5-BAE5-8DCAB4F2F78A} = {3FD494B5-9FCE-447C-A9B2-610DA96719A8}
		{FF592951-6A18-4913-8071-1503DCFCB7EE} = {3FD494B5-9FCE-447C-A9B2-610DA96719A8}
		{D99AEEE6-BFE7-47DE-A1A6-BD12FE5F39C6} = {3FD494B5-9FCE-447C-A9B2-610DA96719A8}
		{418C56F5-1F3F-60AE-18F8-266DA8E6EE08} = {D10499A4-6135-4DFF-831B-69EFB5AAF71C}
		{97727989-D2B1-4A70-8BB3-0DDAC65E009B} = {418C56F5-1F3F-60AE-18F8-266DA8E6EE08}
		{AC32B3DC-8911-4DE1-83BB-5F881CA217FE} = {418C56F5-1F3F-60AE-18F8-266DA8E6EE08}
		{8C97CB8C-7A9D-9D26-2F5F-32389055AAA8} = {D10499A4-6135-4DFF-831B-69EFB5AAF71C}
		{5E43BA26-C3EC-4964-8CEE-9A76879DC566} = {8C97CB8C-7A9D-9D26-2F5F-32389055AAA8}
		{CB270875-5CCA-EDEC-AC65-D24A3CE17778} = {D10499A4-6135-4DFF-831B-69EFB5AAF71C}
		{E7991728-3688-0F87-01E3-42874ED27F05} = {CB270875-5CCA-EDEC-AC65-D24A3CE17778}
		{96EF4EA9-3610-4826-82A7-CB144688192C} = {E7991728-3688-0F87-01E3-42874ED27F05}
		{0EE48DD5-86E7-7937-34BD-88CD7028324B} = {CB270875-5CCA-EDEC-AC65-D24A3CE17778}
		{E848A2ED-D0EB-40F3-AB7D-8CB4824AE0EC} = {0EE48DD5-86E7-7937-34BD-88CD7028324B}
		{E3ACB866-2286-49A6-FCF2-4320DE479032} = {CB270875-5CCA-EDEC-AC65-D24A3CE17778}
		{1FA299C5-47B8-4AF2-A9B6-A35AA5F7515F} = {E3ACB866-2286-49A6-FCF2-4320DE479032}
		{4CDCA906-F331-A870-FDA9-4FAF2CF5DF09} = {CB270875-5CCA-EDEC-AC65-D24A3CE17778}
		{86398932-534B-42F7-8AFD-7D51BEEFB893} = {4CDCA906-F331-A870-FDA9-4FAF2CF5DF09}
		{66E8A62A-A328-441D-B6E2-55FB24BB923A} = {418C56F5-1F3F-60AE-18F8-266DA8E6EE08}
		{ECBC044A-7D9B-7DD2-6DF5-505EA970D790} = {CB270875-5CCA-EDEC-AC65-D24A3CE17778}
		{9807F563-D901-421E-96A1-27FD26A6F56B} = {ECBC044A-7D9B-7DD2-6DF5-505EA970D790}
		{F4D34333-2EED-D800-BA45-AA3229FB235A} = {CB270875-5CCA-EDEC-AC65-D24A3CE17778}
		{0F839B35-34E7-426D-85A0-30F9C908AF47} = {F4D34333-2EED-D800-BA45-AA3229FB235A}
		{BA97E7A6-461B-C31B-4E65-00E3DD6F8190} = {F3284829-C371-427A-A927-6955014AFCB2}
		{2D831254-29F2-410D-ACDC-B8F383FD3A17} = {BA97E7A6-461B-C31B-4E65-00E3DD6F8190}
		{ADA6171E-5D39-430F-8367-C22B1B0229A2} = {BA97E7A6-461B-C31B-4E65-00E3DD6F8190}
		{BD11D060-4045-46E3-B09A-9E531B1FE2BB} = {BA97E7A6-461B-C31B-4E65-00E3DD6F8190}
		{5BFF4297-F82B-45C0-8A89-6ECD2F732F6C} = {BA97E7A6-461B-C31B-4E65-00E3DD6F8190}
		{F55DEBBC-FCC4-3E5E-8BD8-776A2B13F149} = {CB270875-5CCA-EDEC-AC65-D24A3CE17778}
		{513C21F4-A9CC-4D6D-8ADE-460F10C04AC6} = {F55DEBBC-FCC4-3E5E-8BD8-776A2B13F149}
		{1274024E-3732-BF78-0A39-F1D0949D2F73} = {F3284829-C371-427A-A927-6955014AFCB2}
		{6DF461AE-02B1-45A6-83FB-F6C89DCC5C40} = {1274024E-3732-BF78-0A39-F1D0949D2F73}
		{DA0D5D4B-AE57-4855-AC38-6E9122FCC63A} = {1274024E-3732-BF78-0A39-F1D0949D2F73}
		{AA78B211-B003-4D9C-8346-2DE2EE47AC42} = {1274024E-3732-BF78-0A39-F1D0949D2F73}
		{531AEEE9-FBD1-43AC-BA6A-AD862D54A35D} = {1274024E-3732-BF78-0A39-F1D0949D2F73}
		{7C9A51E7-BE5B-34BD-2C74-12890A2D6833} = {CB270875-5CCA-EDEC-AC65-D24A3CE17778}
		{583F017E-B182-4B08-8442-B1D227CD2C6A} = {7C9A51E7-BE5B-34BD-2C74-12890A2D6833}
		{33F71750-9D47-F838-C702-95A11FED41D9} = {F3284829-C371-427A-A927-6955014AFCB2}
		{954BFBF1-5A5D-4F8E-BAAB-B1DECA540F73} = {33F71750-9D47-F838-C702-95A11FED41D9}
		{937D6A96-740F-44BA-9993-54BD09025B55} = {33F71750-9D47-F838-C702-95A11FED41D9}
		{2C1A48AE-BA9B-45B8-AE93-93D2B647C763} = {33F71750-9D47-F838-C702-95A11FED41D9}
		{A9868ABF-7F35-4799-9A3A-23C451CBF0F9} = {33F71750-9D47-F838-C702-95A11FED41D9}
		{C14FAA9D-86F0-BFC4-AB85-A7AF176EB126} = {CB270875-5CCA-EDEC-AC65-D24A3CE17778}
		{DF74B355-6E9B-44A0-9842-7497D1E5EA93} = {C14FAA9D-86F0-BFC4-AB85-A7AF176EB126}
		{01C83CFD-B223-422D-8EBA-9D509D03DA98} = {F3284829-C371-427A-A927-6955014AFCB2}
		{8F0D7A09-4FA2-46BC-A1DA-B2AC3F2ADCE9} = {01C83CFD-B223-422D-8EBA-9D509D03DA98}
		{4EB3B760-8256-4AD3-B0B8-56227DBA0876} = {01C83CFD-B223-422D-8EBA-9D509D03DA98}
		{804F7F83-E566-4128-BAE7-A1FC5DE34333} = {01C83CFD-B223-422D-8EBA-9D509D03DA98}
		{3A080C41-3841-4556-B9A0-014CA454AE07} = {01C83CFD-B223-422D-8EBA-9D509D03DA98}
		{19F33914-7922-BD27-44A7-CDB48561D3F2} = {CB270875-5CCA-EDEC-AC65-D24A3CE17778}
		{4EEBE52C-1A01-4584-9A29-1463AE2AB4BB} = {19F33914-7922-BD27-44A7-CDB48561D3F2}
		{202827DD-3FD7-DA77-1B95-3EDAC595C4A2} = {F3284829-C371-427A-A927-6955014AFCB2}
		{53F27248-6BF9-440E-BF80-0C8C67E271C5} = {202827DD-3FD7-DA77-1B95-3EDAC595C4A2}
		{BDE3CCE8-65BA-4D7A-9169-EFCCB8F52C6D} = {202827DD-3FD7-DA77-1B95-3EDAC595C4A2}
		{AF83F47D-1561-402E-818E-4F502409062E} = {202827DD-3FD7-DA77-1B95-3EDAC595C4A2}
		{5D44BBDC-931B-4EB2-A672-91F858CB8CC3} = {202827DD-3FD7-DA77-1B95-3EDAC595C4A2}
		{1E75330F-A7F7-5D5E-252D-8BF6068F1C6E} = {CB270875-5CCA-EDEC-AC65-D24A3CE17778}
		{D07A4831-49B1-401B-A106-90502CBB5C96} = {1E75330F-A7F7-5D5E-252D-8BF6068F1C6E}
	EndGlobalSection
EndGlobal
